# This file is automatically @generated by Wally.
# It is not intended for manual editing.
registry = "test"

[[package]]
name = "csqrl/sift"
version = "0.0.3"
dependencies = []

[[package]]
name = "elttob/fusion"
version = "0.2.0"
dependencies = []

[[package]]
name = "evaera/cmdr"
version = "1.12.0"
dependencies = []

[[package]]
name = "evaera/promise"
version = "4.0.0"
dependencies = []

[[package]]
name = "grilme99/profileservice"
version = "1.0.0"
dependencies = []

[[package]]
name = "howmanysmall/janitor"
version = "1.15.7"
dependencies = [["Promise", "evaera/promise@4.0.0"]]

[[package]]
name = "jsdotlua/promise"
version = "3.5.2"
dependencies = []

[[package]]
name = "legendoj1/zoneplus"
version = "3.2.2"
dependencies = []

[[package]]
name = "littensy/reflex"
version = "4.3.1"
dependencies = [["Promise", "evaera/promise@4.0.0"]]

[[package]]
name = "pluviolithic/climbing-simulator"
version = "1.0.0"
dependencies = [["Fusion", "elttob/fusion@0.2.0"], ["Guard", "red-blox/guard@1.0.1"], ["Janitor", "howmanysmall/janitor@1.15.7"], ["Promise", "jsdotlua/promise@3.5.2"], ["Ratelimit", "red-blox/ratelimit@1.0.1"], ["Red", "red-blox/red@2.3.2"], ["Reflex", "littensy/reflex@4.3.1"], ["Sift", "csqrl/sift@0.0.3"], ["ZonePlus", "legendoj1/zoneplus@3.2.2"], ["Cmdr", "evaera/cmdr@1.12.0"], ["ProfileService", "grilme99/profileservice@1.0.0"]]

[[package]]
name = "red-blox/future"
version = "1.0.1"
dependencies = [["Spawn", "red-blox/spawn@1.1.0"]]

[[package]]
name = "red-blox/guard"
version = "1.0.1"
dependencies = []

[[package]]
name = "red-blox/ratelimit"
version = "1.0.1"
dependencies = []

[[package]]
name = "red-blox/red"
version = "2.3.2"
dependencies = [["Future", "red-blox/future@1.0.1"], ["Guard", "red-blox/guard@1.0.1"], ["Signal", "red-blox/signal@2.0.2"], ["Spawn", "red-blox/spawn@1.1.0"]]

[[package]]
name = "red-blox/signal"
version = "2.0.2"
dependencies = [["Spawn", "red-blox/spawn@1.1.0"]]

[[package]]
name = "red-blox/spawn"
version = "1.1.0"
dependencies = []
